// !$*UTF8*$!
{
	archiveVersion = 1;
	classes = {
	};
	objectVersion = 48;
	objects = {

/* Begin PBXBuildFile section */
		35B2D2B92035909500B94B10 /* AppDelegate.swift in Sources */ = {isa = PBXBuildFile; fileRef = 35B2D2B82035909500B94B10 /* AppDelegate.swift */; };
		35B2D2BB2035909500B94B10 /* LoginViewController.swift in Sources */ = {isa = PBXBuildFile; fileRef = 35B2D2BA2035909500B94B10 /* LoginViewController.swift */; };
		35B2D2BE2035909500B94B10 /* Main.storyboard in Resources */ = {isa = PBXBuildFile; fileRef = 35B2D2BC2035909500B94B10 /* Main.storyboard */; };
		35B2D2C02035909500B94B10 /* Assets.xcassets in Resources */ = {isa = PBXBuildFile; fileRef = 35B2D2BF2035909500B94B10 /* Assets.xcassets */; };
		35B2D2C32035909500B94B10 /* LaunchScreen.storyboard in Resources */ = {isa = PBXBuildFile; fileRef = 35B2D2C12035909500B94B10 /* LaunchScreen.storyboard */; };
		35B2D2CB203596FA00B94B10 /* ProteinTableViewController.swift in Sources */ = {isa = PBXBuildFile; fileRef = 35B2D2CA203596FA00B94B10 /* ProteinTableViewController.swift */; };
		35B2D2CD2035972500B94B10 /* ProteinViewController.swift in Sources */ = {isa = PBXBuildFile; fileRef = 35B2D2CC2035972500B94B10 /* ProteinViewController.swift */; };
		35B2D2CF2035988800B94B10 /* ProteinTableViewCell.swift in Sources */ = {isa = PBXBuildFile; fileRef = 35B2D2CE2035988800B94B10 /* ProteinTableViewCell.swift */; };
		35B2D2D12035994000B94B10 /* ProteinClass.swift in Sources */ = {isa = PBXBuildFile; fileRef = 35B2D2D02035994000B94B10 /* ProteinClass.swift */; };
		F64DCBF42036FB3F00887BCE /* ProteinManager.swift in Sources */ = {isa = PBXBuildFile; fileRef = F64DCBF32036FB3F00887BCE /* ProteinManager.swift */; };
		F64DCBF62037402800887BCE /* RandomUtils.swift in Sources */ = {isa = PBXBuildFile; fileRef = F64DCBF52037402800887BCE /* RandomUtils.swift */; };
		F6E8A9BE203AF69800798146 /* LigandsNames.txt in Resources */ = {isa = PBXBuildFile; fileRef = F6E8A9BD203AF69800798146 /* LigandsNames.txt */; };
/* End PBXBuildFile section */

/* Begin PBXFileReference section */
		35B2D2B52035909500B94B10 /* Swifty Protein.app */ = {isa = PBXFileReference; explicitFileType = wrapper.application; includeInIndex = 0; path = "Swifty Protein.app"; sourceTree = BUILT_PRODUCTS_DIR; };
		35B2D2B82035909500B94B10 /* AppDelegate.swift */ = {isa = PBXFileReference; lastKnownFileType = sourcecode.swift; path = AppDelegate.swift; sourceTree = "<group>"; };
		35B2D2BA2035909500B94B10 /* LoginViewController.swift */ = {isa = PBXFileReference; lastKnownFileType = sourcecode.swift; path = LoginViewController.swift; sourceTree = "<group>"; };
		35B2D2BD2035909500B94B10 /* Base */ = {isa = PBXFileReference; lastKnownFileType = file.storyboard; name = Base; path = Base.lproj/Main.storyboard; sourceTree = "<group>"; };
		35B2D2BF2035909500B94B10 /* Assets.xcassets */ = {isa = PBXFileReference; lastKnownFileType = folder.assetcatalog; path = Assets.xcassets; sourceTree = "<group>"; };
		35B2D2C22035909500B94B10 /* Base */ = {isa = PBXFileReference; lastKnownFileType = file.storyboard; name = Base; path = Base.lproj/LaunchScreen.storyboard; sourceTree = "<group>"; };
		35B2D2C42035909500B94B10 /* Info.plist */ = {isa = PBXFileReference; lastKnownFileType = text.plist.xml; path = Info.plist; sourceTree = "<group>"; };
		35B2D2CA203596FA00B94B10 /* ProteinTableViewController.swift */ = {isa = PBXFileReference; lastKnownFileType = sourcecode.swift; path = ProteinTableViewController.swift; sourceTree = "<group>"; };
		35B2D2CC2035972500B94B10 /* ProteinViewController.swift */ = {isa = PBXFileReference; lastKnownFileType = sourcecode.swift; path = ProteinViewController.swift; sourceTree = "<group>"; };
		35B2D2CE2035988800B94B10 /* ProteinTableViewCell.swift */ = {isa = PBXFileReference; lastKnownFileType = sourcecode.swift; path = ProteinTableViewCell.swift; sourceTree = "<group>"; };
		35B2D2D02035994000B94B10 /* ProteinClass.swift */ = {isa = PBXFileReference; lastKnownFileType = sourcecode.swift; path = ProteinClass.swift; sourceTree = "<group>"; };
		F64DCBF32036FB3F00887BCE /* ProteinManager.swift */ = {isa = PBXFileReference; lastKnownFileType = sourcecode.swift; path = ProteinManager.swift; sourceTree = "<group>"; };
		F64DCBF52037402800887BCE /* RandomUtils.swift */ = {isa = PBXFileReference; lastKnownFileType = sourcecode.swift; path = RandomUtils.swift; sourceTree = "<group>"; };
		F6E8A9BD203AF69800798146 /* LigandsNames.txt */ = {isa = PBXFileReference; fileEncoding = 4; lastKnownFileType = text; path = LigandsNames.txt; sourceTree = "<group>"; };
/* End PBXFileReference section */

/* Begin PBXFrameworksBuildPhase section */
		35B2D2B22035909500B94B10 /* Frameworks */ = {
			isa = PBXFrameworksBuildPhase;
			buildActionMask = 2147483647;
			files = (
			);
			runOnlyForDeploymentPostprocessing = 0;
		};
/* End PBXFrameworksBuildPhase section */

/* Begin PBXGroup section */
		35B2D2AC2035909500B94B10 = {
			isa = PBXGroup;
			children = (
				35B2D2B72035909500B94B10 /* Swifty Protein */,
				35B2D2B62035909500B94B10 /* Products */,
			);
			sourceTree = "<group>";
		};
		35B2D2B62035909500B94B10 /* Products */ = {
			isa = PBXGroup;
			children = (
				35B2D2B52035909500B94B10 /* Swifty Protein.app */,
			);
			name = Products;
			sourceTree = "<group>";
		};
		35B2D2B72035909500B94B10 /* Swifty Protein */ = {
			isa = PBXGroup;
			children = (
				F64DCBEC2036F56800887BCE /* Extensions */,
				F64DCBED2036F57100887BCE /* Model */,
				F64DCBEE2036F57500887BCE /* View */,
				F64DCBEF2036F58300887BCE /* Controller */,
				35B2D2BC2035909500B94B10 /* Main.storyboard */,
				35B2D2BF2035909500B94B10 /* Assets.xcassets */,
				35B2D2C12035909500B94B10 /* LaunchScreen.storyboard */,
				35B2D2C42035909500B94B10 /* Info.plist */,
				F6E8A9BD203AF69800798146 /* LigandsNames.txt */,
			);
			path = "Swifty Protein";
			sourceTree = "<group>";
		};
		F64DCBEC2036F56800887BCE /* Extensions */ = {
			isa = PBXGroup;
			children = (
				F64DCBF52037402800887BCE /* RandomUtils.swift */,
			);
			path = Extensions;
			sourceTree = "<group>";
		};
		F64DCBED2036F57100887BCE /* Model */ = {
			isa = PBXGroup;
			children = (
				35B2D2D02035994000B94B10 /* ProteinClass.swift */,
				F64DCBF32036FB3F00887BCE /* ProteinManager.swift */,
			);
			path = Model;
			sourceTree = "<group>";
		};
		F64DCBEE2036F57500887BCE /* View */ = {
			isa = PBXGroup;
			children = (
				35B2D2CE2035988800B94B10 /* ProteinTableViewCell.swift */,
			);
			path = View;
			sourceTree = "<group>";
		};
		F64DCBEF2036F58300887BCE /* Controller */ = {
			isa = PBXGroup;
			children = (
				35B2D2B82035909500B94B10 /* AppDelegate.swift */,
				35B2D2BA2035909500B94B10 /* LoginViewController.swift */,
				35B2D2CA203596FA00B94B10 /* ProteinTableViewController.swift */,
				35B2D2CC2035972500B94B10 /* ProteinViewController.swift */,
			);
			path = Controller;
			sourceTree = "<group>";
		};
/* End PBXGroup section */

/* Begin PBXNativeTarget section */
		35B2D2B42035909500B94B10 /* Swifty Protein */ = {
			isa = PBXNativeTarget;
			buildConfigurationList = 35B2D2C72035909500B94B10 /* Build configuration list for PBXNativeTarget "Swifty Protein" */;
			buildPhases = (
				35B2D2B12035909500B94B10 /* Sources */,
				35B2D2B22035909500B94B10 /* Frameworks */,
				35B2D2B32035909500B94B10 /* Resources */,
			);
			buildRules = (
			);
			dependencies = (
			);
			name = "Swifty Protein";
			productName = "Swifty Protein";
			productReference = 35B2D2B52035909500B94B10 /* Swifty Protein.app */;
			productType = "com.apple.product-type.application";
		};
/* End PBXNativeTarget section */

/* Begin PBXProject section */
		35B2D2AD2035909500B94B10 /* Project object */ = {
			isa = PBXProject;
			attributes = {
				LastSwiftUpdateCheck = 0910;
				LastUpgradeCheck = 0910;
				ORGANIZATIONNAME = "Paul DESPRES";
				TargetAttributes = {
					35B2D2B42035909500B94B10 = {
						CreatedOnToolsVersion = 9.1;
						ProvisioningStyle = Automatic;
					};
				};
			};
			buildConfigurationList = 35B2D2B02035909500B94B10 /* Build configuration list for PBXProject "Swifty Protein" */;
			compatibilityVersion = "Xcode 8.0";
			developmentRegion = en;
			hasScannedForEncodings = 0;
			knownRegions = (
				en,
				Base,
			);
			mainGroup = 35B2D2AC2035909500B94B10;
			productRefGroup = 35B2D2B62035909500B94B10 /* Products */;
			projectDirPath = "";
			projectRoot = "";
			targets = (
				35B2D2B42035909500B94B10 /* Swifty Protein */,
			);
		};
/* End PBXProject section */

/* Begin PBXResourcesBuildPhase section */
		35B2D2B32035909500B94B10 /* Resources */ = {
			isa = PBXResourcesBuildPhase;
			buildActionMask = 2147483647;
			files = (
				35B2D2C32035909500B94B10 /* LaunchScreen.storyboard in Resources */,
				35B2D2C02035909500B94B10 /* Assets.xcassets in Resources */,
				35B2D2BE2035909500B94B10 /* Main.storyboard in Resources */,
				F6E8A9BE203AF69800798146 /* LigandsNames.txt in Resources */,
			);
			runOnlyForDeploymentPostprocessing = 0;
		};
/* End PBXResourcesBuildPhase section */

/* Begin PBXSourcesBuildPhase section */
		35B2D2B12035909500B94B10 /* Sources */ = {
			isa = PBXSourcesBuildPhase;
			buildActionMask = 2147483647;
			files = (
				35B2D2D12035994000B94B10 /* ProteinClass.swift in Sources */,
				35B2D2CB203596FA00B94B10 /* ProteinTableViewController.swift in Sources */,
				35B2D2BB2035909500B94B10 /* LoginViewController.swift in Sources */,
				F64DCBF42036FB3F00887BCE /* ProteinManager.swift in Sources */,
				35B2D2CF2035988800B94B10 /* ProteinTableViewCell.swift in Sources */,
				35B2D2CD2035972500B94B10 /* ProteinViewController.swift in Sources */,
				F64DCBF62037402800887BCE /* RandomUtils.swift in Sources */,
				35B2D2B92035909500B94B10 /* AppDelegate.swift in Sources */,
			);
			runOnlyForDeploymentPostprocessing = 0;
		};
/* End PBXSourcesBuildPhase section */

/* Begin PBXVariantGroup section */
		35B2D2BC2035909500B94B10 /* Main.storyboard */ = {
			isa = PBXVariantGroup;
			children = (
				35B2D2BD2035909500B94B10 /* Base */,
			);
			name = Main.storyboard;
			sourceTree = "<group>";
		};
		35B2D2C12035909500B94B10 /* LaunchScreen.storyboard */ = {
			isa = PBXVariantGroup;
			children = (
				35B2D2C22035909500B94B10 /* Base */,
			);
			name = LaunchScreen.storyboard;
			sourceTree = "<group>";
		};
/* End PBXVariantGroup section */

/* Begin XCBuildConfiguration section */
		35B2D2C52035909500B94B10 /* Debug */ = {
			isa = XCBuildConfiguration;
			buildSettings = {
				ALWAYS_SEARCH_USER_PATHS = NO;
				CLANG_ANALYZER_NONNULL = YES;
				CLANG_ANALYZER_NUMBER_OBJECT_CONVERSION = YES_AGGRESSIVE;
				CLANG_CXX_LANGUAGE_STANDARD = "gnu++14";
				CLANG_CXX_LIBRARY = "libc++";
				CLANG_ENABLE_MODULES = YES;
				CLANG_ENABLE_OBJC_ARC = YES;
				CLANG_WARN_BLOCK_CAPTURE_AUTORELEASING = YES;
				CLANG_WARN_BOOL_CONVERSION = YES;
				CLANG_WARN_COMMA = YES;
				CLANG_WARN_CONSTANT_CONVERSION = YES;
				CLANG_WARN_DIRECT_OBJC_ISA_USAGE = YES_ERROR;
				CLANG_WARN_DOCUMENTATION_COMMENTS = YES;
				CLANG_WARN_EMPTY_BODY = YES;
				CLANG_WARN_ENUM_CONVERSION = YES;
				CLANG_WARN_INFINITE_RECURSION = YES;
				CLANG_WARN_INT_CONVERSION = YES;
				CLANG_WARN_NON_LITERAL_NULL_CONVERSION = YES;
				CLANG_WARN_OBJC_LITERAL_CONVERSION = YES;
				CLANG_WARN_OBJC_ROOT_CLASS = YES_ERROR;
				CLANG_WARN_RANGE_LOOP_ANALYSIS = YES;
				CLANG_WARN_STRICT_PROTOTYPES = YES;
				CLANG_WARN_SUSPICIOUS_MOVE = YES;
				CLANG_WARN_UNGUARDED_AVAILABILITY = YES_AGGRESSIVE;
				CLANG_WARN_UNREACHABLE_CODE = YES;
				CLANG_WARN__DUPLICATE_METHOD_MATCH = YES;
				CODE_SIGN_IDENTITY = "iPhone Developer";
				COPY_PHASE_STRIP = NO;
				DEBUG_INFORMATION_FORMAT = dwarf;
				ENABLE_STRICT_OBJC_MSGSEND = YES;
				ENABLE_TESTABILITY = YES;
				GCC_C_LANGUAGE_STANDARD = gnu11;
				GCC_DYNAMIC_NO_PIC = NO;
				GCC_NO_COMMON_BLOCKS = YES;
				GCC_OPTIMIZATION_LEVEL = 0;
				GCC_PREPROCESSOR_DEFINITIONS = (
					"DEBUG=1",
					"$(inherited)",
				);
				GCC_WARN_64_TO_32_BIT_CONVERSION = YES;
				GCC_WARN_ABOUT_RETURN_TYPE = YES_ERROR;
				GCC_WARN_UNDECLARED_SELECTOR = YES;
				GCC_WARN_UNINITIALIZED_AUTOS = YES_AGGRESSIVE;
				GCC_WARN_UNUSED_FUNCTION = YES;
				GCC_WARN_UNUSED_VARIABLE = YES;
				IPHONEOS_DEPLOYMENT_TARGET = 11.1;
				MTL_ENABLE_DEBUG_INFO = YES;
				ONLY_ACTIVE_ARCH = YES;
				SDKROOT = iphoneos;
				SWIFT_ACTIVE_COMPILATION_CONDITIONS = DEBUG;
				SWIFT_OPTIMIZATION_LEVEL = "-Onone";
			};
			name = Debug;
		};
		35B2D2C62035909500B94B10 /* Release */ = {
			isa = XCBuildConfiguration;
			buildSettings = {
				ALWAYS_SEARCH_USER_PATHS = NO;
				CLANG_ANALYZER_NONNULL = YES;
				CLANG_ANALYZER_NUMBER_OBJECT_CONVERSION = YES_AGGRESSIVE;
				CLANG_CXX_LANGUAGE_STANDARD = "gnu++14";
				CLANG_CXX_LIBRARY = "libc++";
				CLANG_ENABLE_MODULES = YES;
				CLANG_ENABLE_OBJC_ARC = YES;
				CLANG_WARN_BLOCK_CAPTURE_AUTORELEASING = YES;
				CLANG_WARN_BOOL_CONVERSION = YES;
				CLANG_WARN_COMMA = YES;
				CLANG_WARN_CONSTANT_CONVERSION = YES;
				CLANG_WARN_DIRECT_OBJC_ISA_USAGE = YES_ERROR;
				CLANG_WARN_DOCUMENTATION_COMMENTS = YES;
				CLANG_WARN_EMPTY_BODY = YES;
				CLANG_WARN_ENUM_CONVERSION = YES;
				CLANG_WARN_INFINITE_RECURSION = YES;
				CLANG_WARN_INT_CONVERSION = YES;
				CLANG_WARN_NON_LITERAL_NULL_CONVERSION = YES;
				CLANG_WARN_OBJC_LITERAL_CONVERSION = YES;
				CLANG_WARN_OBJC_ROOT_CLASS = YES_ERROR;
				CLANG_WARN_RANGE_LOOP_ANALYSIS = YES;
				CLANG_WARN_STRICT_PROTOTYPES = YES;
				CLANG_WARN_SUSPICIOUS_MOVE = YES;
				CLANG_WARN_UNGUARDED_AVAILABILITY = YES_AGGRESSIVE;
				CLANG_WARN_UNREACHABLE_CODE = YES;
				CLANG_WARN__DUPLICATE_METHOD_MATCH = YES;
				CODE_SIGN_IDENTITY = "iPhone Developer";
				COPY_PHASE_STRIP = NO;
				DEBUG_INFORMATION_FORMAT = "dwarf-with-dsym";
				ENABLE_NS_ASSERTIONS = NO;
				ENABLE_STRICT_OBJC_MSGSEND = YES;
				GCC_C_LANGUAGE_STANDARD = gnu11;
				GCC_NO_COMMON_BLOCKS = YES;
				GCC_WARN_64_TO_32_BIT_CONVERSION = YES;
				GCC_WARN_ABOUT_RETURN_TYPE = YES_ERROR;
				GCC_WARN_UNDECLARED_SELECTOR = YES;
				GCC_WARN_UNINITIALIZED_AUTOS = YES_AGGRESSIVE;
				GCC_WARN_UNUSED_FUNCTION = YES;
				GCC_WARN_UNUSED_VARIABLE = YES;
				IPHONEOS_DEPLOYMENT_TARGET = 11.1;
				MTL_ENABLE_DEBUG_INFO = NO;
				SDKROOT = iphoneos;
				SWIFT_OPTIMIZATION_LEVEL = "-Owholemodule";
				VALIDATE_PRODUCT = YES;
			};
			name = Release;
		};
		35B2D2C82035909500B94B10 /* Debug */ = {
			isa = XCBuildConfiguration;
			buildSettings = {
				ASSETCATALOG_COMPILER_APPICON_NAME = AppIcon;
				CODE_SIGN_STYLE = Automatic;
				DEVELOPMENT_TEAM = V82658887T;
				INFOPLIST_FILE = "Swifty Protein/Info.plist";
				IPHONEOS_DEPLOYMENT_TARGET = 10.0;
				LD_RUNPATH_SEARCH_PATHS = "$(inherited) @executable_path/Frameworks";
				PRODUCT_BUNDLE_IDENTIFIER = "-2.Swifty-Protein";
				PRODUCT_NAME = "$(TARGET_NAME)";
				SWIFT_VERSION = 4.0;
				TARGETED_DEVICE_FAMILY = "1,2";
			};
			name = Debug;
		};
		35B2D2C92035909500B94B10 /* Release */ = {
			isa = XCBuildConfiguration;
			buildSettings = {
				ASSETCATALOG_COMPILER_APPICON_NAME = AppIcon;
				CODE_SIGN_STYLE = Automatic;
				DEVELOPMENT_TEAM = V82658887T;
				INFOPLIST_FILE = "Swifty Protein/Info.plist";
				IPHONEOS_DEPLOYMENT_TARGET = 10.0;
				LD_RUNPATH_SEARCH_PATHS = "$(inherited) @executable_path/Frameworks";
				PRODUCT_BUNDLE_IDENTIFIER = "-2.Swifty-Protein";
				PRODUCT_NAME = "$(TARGET_NAME)";
				SWIFT_VERSION = 4.0;
				TARGETED_DEVICE_FAMILY = "1,2";
			};
			name = Release;
		};
/* End XCBuildConfiguration section */

/* Begin XCConfigurationList section */
		35B2D2B02035909500B94B10 /* Build configuration list for PBXProject "Swifty Protein" */ = {
			isa = XCConfigurationList;
			buildConfigurations = (
				35B2D2C52035909500B94B10 /* Debug */,
				35B2D2C62035909500B94B10 /* Release */,
			);
			defaultConfigurationIsVisible = 0;
			defaultConfigurationName = Release;
		};
		35B2D2C72035909500B94B10 /* Build configuration list for PBXNativeTarget "Swifty Protein" */ = {
			isa = XCConfigurationList;
			buildConfigurations = (
				35B2D2C82035909500B94B10 /* Debug */,
				35B2D2C92035909500B94B10 /* Release */,
			);
			defaultConfigurationIsVisible = 0;
			defaultConfigurationName = Release;
		};
/* End XCConfigurationList section */
	};
	rootObject = 35B2D2AD2035909500B94B10 /* Project object */;
}
